// !$*UTF8*$!
{
	archiveVersion = 1;
	classes = {
	};
	objectVersion = 50;
	objects = {

/* Begin PBXBuildFile section */
		1C86223A25F89BBE00B6F1EF /* main.swift in Sources */ = {isa = PBXBuildFile; fileRef = 1C86223925F89BBE00B6F1EF /* main.swift */; };
		1C91154725F25DBB005BCA52 /* main.swift in Sources */ = {isa = PBXBuildFile; fileRef = 1C91154625F25DBB005BCA52 /* main.swift */; };
		1C91155825F27102005BCA52 /* main.swift in Sources */ = {isa = PBXBuildFile; fileRef = 1C91155725F27102005BCA52 /* main.swift */; };
		1CDB19D425F60CA300F7F479 /* main.swift in Sources */ = {isa = PBXBuildFile; fileRef = 1CDB19D325F60CA300F7F479 /* main.swift */; };
		1CDB19E725F6155600F7F479 /* main.swift in Sources */ = {isa = PBXBuildFile; fileRef = 1CDB19E625F6155600F7F479 /* main.swift */; };
		1CDB19FB25F6386D00F7F479 /* main.swift in Sources */ = {isa = PBXBuildFile; fileRef = 1CDB19FA25F6386D00F7F479 /* main.swift */; };
		1CDB1A1025F6513600F7F479 /* main.swift in Sources */ = {isa = PBXBuildFile; fileRef = 1CDB1A0F25F6513600F7F479 /* main.swift */; };
		1CDB1A2625F6514100F7F479 /* main.swift in Sources */ = {isa = PBXBuildFile; fileRef = 1CDB1A2525F6514100F7F479 /* main.swift */; };
		1CF6745F25F1183C006CDA4F /* main.swift in Sources */ = {isa = PBXBuildFile; fileRef = 1CF6745E25F1183C006CDA4F /* main.swift */; };
		9D5AC72625E1F1B000D5D734 /* main.swift in Sources */ = {isa = PBXBuildFile; fileRef = 9D5AC72525E1F1B000D5D734 /* main.swift */; };
		9D5AC73425E1F1D300D5D734 /* main.swift in Sources */ = {isa = PBXBuildFile; fileRef = 9D5AC73325E1F1D300D5D734 /* main.swift */; };
		9DF7E90025E525D500D30EBF /* main.swift in Sources */ = {isa = PBXBuildFile; fileRef = 9DF7E8FF25E525D500D30EBF /* main.swift */; };
		9DF7E90925E5262D00D30EBF /* BackupServer.swift in Sources */ = {isa = PBXBuildFile; fileRef = 9DF7E90825E5262D00D30EBF /* BackupServer.swift */; };
		9DF7E90F25E52C4800D30EBF /* Logger.swift in Sources */ = {isa = PBXBuildFile; fileRef = 9DF7E90E25E52C4800D30EBF /* Logger.swift */; };
		9DFE08A825E25CE5001FCBEE /* main.swift in Sources */ = {isa = PBXBuildFile; fileRef = 9DFE08A725E25CE5001FCBEE /* main.swift */; };
/* End PBXBuildFile section */

/* Begin PBXCopyFilesBuildPhase section */
		1C86221025F89B1300B6F1EF /* CopyFiles */ = {
			isa = PBXCopyFilesBuildPhase;
			buildActionMask = 2147483647;
			dstPath = /usr/share/man/man1/;
			dstSubfolderSpec = 0;
			files = (
			);
			runOnlyForDeploymentPostprocessing = 1;
		};
		1C86223525F89BBE00B6F1EF /* CopyFiles */ = {
			isa = PBXCopyFilesBuildPhase;
			buildActionMask = 2147483647;
			dstPath = /usr/share/man/man1/;
			dstSubfolderSpec = 0;
			files = (
			);
			runOnlyForDeploymentPostprocessing = 1;
		};
		1C91154225F25DBB005BCA52 /* CopyFiles */ = {
			isa = PBXCopyFilesBuildPhase;
			buildActionMask = 2147483647;
			dstPath = /usr/share/man/man1/;
			dstSubfolderSpec = 0;
			files = (
			);
			runOnlyForDeploymentPostprocessing = 1;
		};
		1C91155325F27102005BCA52 /* CopyFiles */ = {
			isa = PBXCopyFilesBuildPhase;
			buildActionMask = 2147483647;
			dstPath = /usr/share/man/man1/;
			dstSubfolderSpec = 0;
			files = (
			);
			runOnlyForDeploymentPostprocessing = 1;
		};
		1CDB19CF25F60CA300F7F479 /* CopyFiles */ = {
			isa = PBXCopyFilesBuildPhase;
			buildActionMask = 2147483647;
			dstPath = /usr/share/man/man1/;
			dstSubfolderSpec = 0;
			files = (
			);
			runOnlyForDeploymentPostprocessing = 1;
		};
		1CDB19E225F6155600F7F479 /* CopyFiles */ = {
			isa = PBXCopyFilesBuildPhase;
			buildActionMask = 2147483647;
			dstPath = /usr/share/man/man1/;
			dstSubfolderSpec = 0;
			files = (
			);
			runOnlyForDeploymentPostprocessing = 1;
		};
		1CDB19F625F6386D00F7F479 /* CopyFiles */ = {
			isa = PBXCopyFilesBuildPhase;
			buildActionMask = 2147483647;
			dstPath = /usr/share/man/man1/;
			dstSubfolderSpec = 0;
			files = (
			);
			runOnlyForDeploymentPostprocessing = 1;
		};
		1CDB1A0B25F6513600F7F479 /* CopyFiles */ = {
			isa = PBXCopyFilesBuildPhase;
			buildActionMask = 2147483647;
			dstPath = /usr/share/man/man1/;
			dstSubfolderSpec = 0;
			files = (
			);
			runOnlyForDeploymentPostprocessing = 1;
		};
		1CDB1A2125F6514100F7F479 /* CopyFiles */ = {
			isa = PBXCopyFilesBuildPhase;
			buildActionMask = 2147483647;
			dstPath = /usr/share/man/man1/;
			dstSubfolderSpec = 0;
			files = (
			);
			runOnlyForDeploymentPostprocessing = 1;
		};
		1CF6745A25F1183C006CDA4F /* CopyFiles */ = {
			isa = PBXCopyFilesBuildPhase;
			buildActionMask = 2147483647;
			dstPath = /usr/share/man/man1/;
			dstSubfolderSpec = 0;
			files = (
			);
			runOnlyForDeploymentPostprocessing = 1;
		};
		9D5AC72025E1F1B000D5D734 /* CopyFiles */ = {
			isa = PBXCopyFilesBuildPhase;
			buildActionMask = 2147483647;
			dstPath = /usr/share/man/man1/;
			dstSubfolderSpec = 0;
			files = (
			);
			runOnlyForDeploymentPostprocessing = 1;
		};
		9D5AC72F25E1F1D300D5D734 /* CopyFiles */ = {
			isa = PBXCopyFilesBuildPhase;
			buildActionMask = 2147483647;
			dstPath = /usr/share/man/man1/;
			dstSubfolderSpec = 0;
			files = (
			);
			runOnlyForDeploymentPostprocessing = 1;
		};
		9DF7E8FB25E525D500D30EBF /* CopyFiles */ = {
			isa = PBXCopyFilesBuildPhase;
			buildActionMask = 2147483647;
			dstPath = /usr/share/man/man1/;
			dstSubfolderSpec = 0;
			files = (
			);
			runOnlyForDeploymentPostprocessing = 1;
		};
		9DFE08A325E25CE5001FCBEE /* CopyFiles */ = {
			isa = PBXCopyFilesBuildPhase;
			buildActionMask = 2147483647;
			dstPath = /usr/share/man/man1/;
			dstSubfolderSpec = 0;
			files = (
			);
			runOnlyForDeploymentPostprocessing = 1;
		};
/* End PBXCopyFilesBuildPhase section */

/* Begin PBXFileReference section */
		1C86221225F89B1300B6F1EF /* FactoryMethod */ = {isa = PBXFileReference; explicitFileType = "compiled.mach-o.executable"; includeInIndex = 0; path = FactoryMethod; sourceTree = BUILT_PRODUCTS_DIR; };
		1C86223725F89BBE00B6F1EF /* FactoryGlobalMethod */ = {isa = PBXFileReference; explicitFileType = "compiled.mach-o.executable"; includeInIndex = 0; path = FactoryGlobalMethod; sourceTree = BUILT_PRODUCTS_DIR; };
		1C86223925F89BBE00B6F1EF /* main.swift */ = {isa = PBXFileReference; lastKnownFileType = sourcecode.swift; path = main.swift; sourceTree = "<group>"; };
		1C91154425F25DBB005BCA52 /* ObjectPOOLLazy */ = {isa = PBXFileReference; explicitFileType = "compiled.mach-o.executable"; includeInIndex = 0; path = ObjectPOOLLazy; sourceTree = BUILT_PRODUCTS_DIR; };
		1C91154625F25DBB005BCA52 /* main.swift */ = {isa = PBXFileReference; lastKnownFileType = sourcecode.swift; path = main.swift; sourceTree = "<group>"; };
		1C91155525F27102005BCA52 /* ObjectPOOLReusable */ = {isa = PBXFileReference; explicitFileType = "compiled.mach-o.executable"; includeInIndex = 0; path = ObjectPOOLReusable; sourceTree = BUILT_PRODUCTS_DIR; };
		1C91155725F27102005BCA52 /* main.swift */ = {isa = PBXFileReference; lastKnownFileType = sourcecode.swift; path = main.swift; sourceTree = "<group>"; };
		1CDB19D125F60CA300F7F479 /* ObjectPOOLEmpty */ = {isa = PBXFileReference; explicitFileType = "compiled.mach-o.executable"; includeInIndex = 0; path = ObjectPOOLEmpty; sourceTree = BUILT_PRODUCTS_DIR; };
		1CDB19D325F60CA300F7F479 /* main.swift */ = {isa = PBXFileReference; lastKnownFileType = sourcecode.swift; path = main.swift; sourceTree = "<group>"; };
		1CDB19E425F6155600F7F479 /* ObjectPOOLExhausted */ = {isa = PBXFileReference; explicitFileType = "compiled.mach-o.executable"; includeInIndex = 0; path = ObjectPOOLExhausted; sourceTree = BUILT_PRODUCTS_DIR; };
		1CDB19E625F6155600F7F479 /* main.swift */ = {isa = PBXFileReference; lastKnownFileType = sourcecode.swift; path = main.swift; sourceTree = "<group>"; };
		1CDB19F825F6386D00F7F479 /* ObjectPOOLElastic */ = {isa = PBXFileReference; explicitFileType = "compiled.mach-o.executable"; includeInIndex = 0; path = ObjectPOOLElastic; sourceTree = BUILT_PRODUCTS_DIR; };
		1CDB19FA25F6386D00F7F479 /* main.swift */ = {isa = PBXFileReference; lastKnownFileType = sourcecode.swift; path = main.swift; sourceTree = "<group>"; };
		1CDB1A0D25F6513600F7F479 /* ObjectPOOLAllocation */ = {isa = PBXFileReference; explicitFileType = "compiled.mach-o.executable"; includeInIndex = 0; path = ObjectPOOLAllocation; sourceTree = BUILT_PRODUCTS_DIR; };
		1CDB1A0F25F6513600F7F479 /* main.swift */ = {isa = PBXFileReference; lastKnownFileType = sourcecode.swift; path = main.swift; sourceTree = "<group>"; };
		1CDB1A2325F6514100F7F479 /* ObjectPOOLAllocationLess */ = {isa = PBXFileReference; explicitFileType = "compiled.mach-o.executable"; includeInIndex = 0; path = ObjectPOOLAllocationLess; sourceTree = BUILT_PRODUCTS_DIR; };
		1CDB1A2525F6514100F7F479 /* main.swift */ = {isa = PBXFileReference; lastKnownFileType = sourcecode.swift; path = main.swift; sourceTree = "<group>"; };
		1CF6745C25F1183C006CDA4F /* ObjectPool */ = {isa = PBXFileReference; explicitFileType = "compiled.mach-o.executable"; includeInIndex = 0; path = ObjectPool; sourceTree = BUILT_PRODUCTS_DIR; };
		1CF6745E25F1183C006CDA4F /* main.swift */ = {isa = PBXFileReference; lastKnownFileType = sourcecode.swift; path = main.swift; sourceTree = "<group>"; };
		9D5AC72225E1F1B000D5D734 /* SwiftDesignPatternsCommandLine */ = {isa = PBXFileReference; explicitFileType = "compiled.mach-o.executable"; includeInIndex = 0; path = SwiftDesignPatternsCommandLine; sourceTree = BUILT_PRODUCTS_DIR; };
		9D5AC72525E1F1B000D5D734 /* main.swift */ = {isa = PBXFileReference; lastKnownFileType = sourcecode.swift; path = main.swift; sourceTree = "<group>"; };
		9D5AC73125E1F1D300D5D734 /* ObjectTemplate */ = {isa = PBXFileReference; explicitFileType = "compiled.mach-o.executable"; includeInIndex = 0; path = ObjectTemplate; sourceTree = BUILT_PRODUCTS_DIR; };
		9D5AC73325E1F1D300D5D734 /* main.swift */ = {isa = PBXFileReference; lastKnownFileType = sourcecode.swift; path = main.swift; sourceTree = "<group>"; };
		9DF7E8FD25E525D500D30EBF /* Singleton */ = {isa = PBXFileReference; explicitFileType = "compiled.mach-o.executable"; includeInIndex = 0; path = Singleton; sourceTree = BUILT_PRODUCTS_DIR; };
		9DF7E8FF25E525D500D30EBF /* main.swift */ = {isa = PBXFileReference; lastKnownFileType = sourcecode.swift; path = main.swift; sourceTree = "<group>"; };
		9DF7E90825E5262D00D30EBF /* BackupServer.swift */ = {isa = PBXFileReference; lastKnownFileType = sourcecode.swift; path = BackupServer.swift; sourceTree = "<group>"; };
		9DF7E90E25E52C4800D30EBF /* Logger.swift */ = {isa = PBXFileReference; lastKnownFileType = sourcecode.swift; path = Logger.swift; sourceTree = "<group>"; };
		9DFE08A525E25CE5001FCBEE /* Prototype */ = {isa = PBXFileReference; explicitFileType = "compiled.mach-o.executable"; includeInIndex = 0; path = Prototype; sourceTree = BUILT_PRODUCTS_DIR; };
		9DFE08A725E25CE5001FCBEE /* main.swift */ = {isa = PBXFileReference; lastKnownFileType = sourcecode.swift; path = main.swift; sourceTree = "<group>"; };
/* End PBXFileReference section */

/* Begin PBXFrameworksBuildPhase section */
		1C86220F25F89B1300B6F1EF /* Frameworks */ = {
			isa = PBXFrameworksBuildPhase;
			buildActionMask = 2147483647;
			files = (
			);
			runOnlyForDeploymentPostprocessing = 0;
		};
		1C86223425F89BBE00B6F1EF /* Frameworks */ = {
			isa = PBXFrameworksBuildPhase;
			buildActionMask = 2147483647;
			files = (
			);
			runOnlyForDeploymentPostprocessing = 0;
		};
		1C91154125F25DBB005BCA52 /* Frameworks */ = {
			isa = PBXFrameworksBuildPhase;
			buildActionMask = 2147483647;
			files = (
			);
			runOnlyForDeploymentPostprocessing = 0;
		};
		1C91155225F27102005BCA52 /* Frameworks */ = {
			isa = PBXFrameworksBuildPhase;
			buildActionMask = 2147483647;
			files = (
			);
			runOnlyForDeploymentPostprocessing = 0;
		};
		1CDB19CE25F60CA300F7F479 /* Frameworks */ = {
			isa = PBXFrameworksBuildPhase;
			buildActionMask = 2147483647;
			files = (
			);
			runOnlyForDeploymentPostprocessing = 0;
		};
		1CDB19E125F6155600F7F479 /* Frameworks */ = {
			isa = PBXFrameworksBuildPhase;
			buildActionMask = 2147483647;
			files = (
			);
			runOnlyForDeploymentPostprocessing = 0;
		};
		1CDB19F525F6386D00F7F479 /* Frameworks */ = {
			isa = PBXFrameworksBuildPhase;
			buildActionMask = 2147483647;
			files = (
			);
			runOnlyForDeploymentPostprocessing = 0;
		};
		1CDB1A0A25F6513600F7F479 /* Frameworks */ = {
			isa = PBXFrameworksBuildPhase;
			buildActionMask = 2147483647;
			files = (
			);
			runOnlyForDeploymentPostprocessing = 0;
		};
		1CDB1A2025F6514100F7F479 /* Frameworks */ = {
			isa = PBXFrameworksBuildPhase;
			buildActionMask = 2147483647;
			files = (
			);
			runOnlyForDeploymentPostprocessing = 0;
		};
		1CF6745925F1183C006CDA4F /* Frameworks */ = {
			isa = PBXFrameworksBuildPhase;
			buildActionMask = 2147483647;
			files = (
			);
			runOnlyForDeploymentPostprocessing = 0;
		};
		9D5AC71F25E1F1B000D5D734 /* Frameworks */ = {
			isa = PBXFrameworksBuildPhase;
			buildActionMask = 2147483647;
			files = (
			);
			runOnlyForDeploymentPostprocessing = 0;
		};
		9D5AC72E25E1F1D300D5D734 /* Frameworks */ = {
			isa = PBXFrameworksBuildPhase;
			buildActionMask = 2147483647;
			files = (
			);
			runOnlyForDeploymentPostprocessing = 0;
		};
		9DF7E8FA25E525D500D30EBF /* Frameworks */ = {
			isa = PBXFrameworksBuildPhase;
			buildActionMask = 2147483647;
			files = (
			);
			runOnlyForDeploymentPostprocessing = 0;
		};
		9DFE08A225E25CE5001FCBEE /* Frameworks */ = {
			isa = PBXFrameworksBuildPhase;
			buildActionMask = 2147483647;
			files = (
			);
			runOnlyForDeploymentPostprocessing = 0;
		};
/* End PBXFrameworksBuildPhase section */

/* Begin PBXGroup section */
		1C86223825F89BBE00B6F1EF /* FactoryGlobalMethod */ = {
			isa = PBXGroup;
			children = (
				1C86223925F89BBE00B6F1EF /* main.swift */,
			);
			path = FactoryGlobalMethod;
			sourceTree = "<group>";
		};
		1C91154525F25DBB005BCA52 /* ObjectPOOLLazy */ = {
			isa = PBXGroup;
			children = (
				1C91154625F25DBB005BCA52 /* main.swift */,
			);
			path = ObjectPOOLLazy;
			sourceTree = "<group>";
		};
		1C91155625F27102005BCA52 /* ObjectPOOLReusable */ = {
			isa = PBXGroup;
			children = (
				1C91155725F27102005BCA52 /* main.swift */,
			);
			path = ObjectPOOLReusable;
			sourceTree = "<group>";
		};
		1CDB19D225F60CA300F7F479 /* ObjectPOOLEmpty */ = {
			isa = PBXGroup;
			children = (
				1CDB19D325F60CA300F7F479 /* main.swift */,
			);
			path = ObjectPOOLEmpty;
			sourceTree = "<group>";
		};
		1CDB19E525F6155600F7F479 /* ObjectPOOLExhausted */ = {
			isa = PBXGroup;
			children = (
				1CDB19E625F6155600F7F479 /* main.swift */,
			);
			path = ObjectPOOLExhausted;
			sourceTree = "<group>";
		};
		1CDB19F925F6386D00F7F479 /* ObjectPOOLElastic */ = {
			isa = PBXGroup;
			children = (
				1CDB19FA25F6386D00F7F479 /* main.swift */,
			);
			path = ObjectPOOLElastic;
			sourceTree = "<group>";
		};
		1CDB1A0E25F6513600F7F479 /* ObjectPOOLAllocation */ = {
			isa = PBXGroup;
			children = (
				1CDB1A0F25F6513600F7F479 /* main.swift */,
			);
			path = ObjectPOOLAllocation;
			sourceTree = "<group>";
		};
		1CDB1A2425F6514100F7F479 /* ObjectPOOLAllocationLess */ = {
			isa = PBXGroup;
			children = (
				1CDB1A2525F6514100F7F479 /* main.swift */,
			);
			path = ObjectPOOLAllocationLess;
			sourceTree = "<group>";
		};
		1CF6745D25F1183C006CDA4F /* ObjectPool */ = {
			isa = PBXGroup;
			children = (
				1CF6745E25F1183C006CDA4F /* main.swift */,
			);
			path = ObjectPool;
			sourceTree = "<group>";
		};
		9D5AC71925E1F1B000D5D734 = {
			isa = PBXGroup;
			children = (
				9D5AC72425E1F1B000D5D734 /* SwiftDesignPatternsCommandLine */,
				9D5AC73225E1F1D300D5D734 /* ObjectTemplate */,
				9DFE08A625E25CE5001FCBEE /* Prototype */,
				9DF7E8FE25E525D500D30EBF /* Singleton */,
				1CF6745D25F1183C006CDA4F /* ObjectPool */,
				1C91154525F25DBB005BCA52 /* ObjectPOOLLazy */,
				1C91155625F27102005BCA52 /* ObjectPOOLReusable */,
				1CDB19D225F60CA300F7F479 /* ObjectPOOLEmpty */,
				1CDB19E525F6155600F7F479 /* ObjectPOOLExhausted */,
				1CDB19F925F6386D00F7F479 /* ObjectPOOLElastic */,
				1CDB1A0E25F6513600F7F479 /* ObjectPOOLAllocation */,
				1CDB1A2425F6514100F7F479 /* ObjectPOOLAllocationLess */,
				1C86223825F89BBE00B6F1EF /* FactoryGlobalMethod */,
				9D5AC72325E1F1B000D5D734 /* Products */,
			);
			sourceTree = "<group>";
		};
		9D5AC72325E1F1B000D5D734 /* Products */ = {
			isa = PBXGroup;
			children = (
				9D5AC72225E1F1B000D5D734 /* SwiftDesignPatternsCommandLine */,
				9D5AC73125E1F1D300D5D734 /* ObjectTemplate */,
				9DFE08A525E25CE5001FCBEE /* Prototype */,
				9DF7E8FD25E525D500D30EBF /* Singleton */,
				1CF6745C25F1183C006CDA4F /* ObjectPool */,
				1C91154425F25DBB005BCA52 /* ObjectPOOLLazy */,
				1C91155525F27102005BCA52 /* ObjectPOOLReusable */,
				1CDB19D125F60CA300F7F479 /* ObjectPOOLEmpty */,
				1CDB19E425F6155600F7F479 /* ObjectPOOLExhausted */,
				1CDB19F825F6386D00F7F479 /* ObjectPOOLElastic */,
				1CDB1A0D25F6513600F7F479 /* ObjectPOOLAllocation */,
				1CDB1A2325F6514100F7F479 /* ObjectPOOLAllocationLess */,
				1C86221225F89B1300B6F1EF /* FactoryMethod */,
				1C86223725F89BBE00B6F1EF /* FactoryGlobalMethod */,
			);
			name = Products;
			sourceTree = "<group>";
		};
		9D5AC72425E1F1B000D5D734 /* SwiftDesignPatternsCommandLine */ = {
			isa = PBXGroup;
			children = (
				9D5AC72525E1F1B000D5D734 /* main.swift */,
			);
			path = SwiftDesignPatternsCommandLine;
			sourceTree = "<group>";
		};
		9D5AC73225E1F1D300D5D734 /* ObjectTemplate */ = {
			isa = PBXGroup;
			children = (
				9D5AC73325E1F1D300D5D734 /* main.swift */,
			);
			path = ObjectTemplate;
			sourceTree = "<group>";
		};
		9DF7E8FE25E525D500D30EBF /* Singleton */ = {
			isa = PBXGroup;
			children = (
				9DF7E8FF25E525D500D30EBF /* main.swift */,
				9DF7E90825E5262D00D30EBF /* BackupServer.swift */,
				9DF7E90E25E52C4800D30EBF /* Logger.swift */,
			);
			path = Singleton;
			sourceTree = "<group>";
		};
		9DFE08A625E25CE5001FCBEE /* Prototype */ = {
			isa = PBXGroup;
			children = (
				9DFE08A725E25CE5001FCBEE /* main.swift */,
			);
			path = Prototype;
			sourceTree = "<group>";
		};
/* End PBXGroup section */

/* Begin PBXNativeTarget section */
		1C86221125F89B1300B6F1EF /* FactoryMethod */ = {
			isa = PBXNativeTarget;
			buildConfigurationList = 1C86221825F89B1300B6F1EF /* Build configuration list for PBXNativeTarget "FactoryMethod" */;
			buildPhases = (
				1C86220E25F89B1300B6F1EF /* Sources */,
				1C86220F25F89B1300B6F1EF /* Frameworks */,
				1C86221025F89B1300B6F1EF /* CopyFiles */,
			);
			buildRules = (
			);
			dependencies = (
			);
			name = FactoryMethod;
			productName = FactoryMethod;
			productReference = 1C86221225F89B1300B6F1EF /* FactoryMethod */;
			productType = "com.apple.product-type.tool";
		};
		1C86223625F89BBE00B6F1EF /* FactoryGlobalMethod */ = {
			isa = PBXNativeTarget;
			buildConfigurationList = 1C86223D25F89BBE00B6F1EF /* Build configuration list for PBXNativeTarget "FactoryGlobalMethod" */;
			buildPhases = (
				1C86223325F89BBE00B6F1EF /* Sources */,
				1C86223425F89BBE00B6F1EF /* Frameworks */,
				1C86223525F89BBE00B6F1EF /* CopyFiles */,
			);
			buildRules = (
			);
			dependencies = (
			);
			name = FactoryGlobalMethod;
			productName = FactoryGlobalMethod;
			productReference = 1C86223725F89BBE00B6F1EF /* FactoryGlobalMethod */;
			productType = "com.apple.product-type.tool";
		};
		1C91154325F25DBB005BCA52 /* ObjectPOOLLazy */ = {
			isa = PBXNativeTarget;
			buildConfigurationList = 1C91154A25F25DBB005BCA52 /* Build configuration list for PBXNativeTarget "ObjectPOOLLazy" */;
			buildPhases = (
				1C91154025F25DBB005BCA52 /* Sources */,
				1C91154125F25DBB005BCA52 /* Frameworks */,
				1C91154225F25DBB005BCA52 /* CopyFiles */,
			);
			buildRules = (
			);
			dependencies = (
			);
			name = ObjectPOOLLazy;
			productName = ObjectPOOLLazy;
			productReference = 1C91154425F25DBB005BCA52 /* ObjectPOOLLazy */;
			productType = "com.apple.product-type.tool";
		};
		1C91155425F27102005BCA52 /* ObjectPOOLReusable */ = {
			isa = PBXNativeTarget;
			buildConfigurationList = 1C91155925F27102005BCA52 /* Build configuration list for PBXNativeTarget "ObjectPOOLReusable" */;
			buildPhases = (
				1C91155125F27102005BCA52 /* Sources */,
				1C91155225F27102005BCA52 /* Frameworks */,
				1C91155325F27102005BCA52 /* CopyFiles */,
			);
			buildRules = (
			);
			dependencies = (
			);
			name = ObjectPOOLReusable;
			productName = ObjectPOOLReusable;
			productReference = 1C91155525F27102005BCA52 /* ObjectPOOLReusable */;
			productType = "com.apple.product-type.tool";
		};
		1CDB19D025F60CA300F7F479 /* ObjectPOOLEmpty */ = {
			isa = PBXNativeTarget;
			buildConfigurationList = 1CDB19D725F60CA300F7F479 /* Build configuration list for PBXNativeTarget "ObjectPOOLEmpty" */;
			buildPhases = (
				1CDB19CD25F60CA300F7F479 /* Sources */,
				1CDB19CE25F60CA300F7F479 /* Frameworks */,
				1CDB19CF25F60CA300F7F479 /* CopyFiles */,
			);
			buildRules = (
			);
			dependencies = (
			);
			name = ObjectPOOLEmpty;
			productName = ObjectPOOLEmpty;
			productReference = 1CDB19D125F60CA300F7F479 /* ObjectPOOLEmpty */;
			productType = "com.apple.product-type.tool";
		};
		1CDB19E325F6155600F7F479 /* ObjectPOOLExhausted */ = {
			isa = PBXNativeTarget;
			buildConfigurationList = 1CDB19E825F6155600F7F479 /* Build configuration list for PBXNativeTarget "ObjectPOOLExhausted" */;
			buildPhases = (
				1CDB19E025F6155600F7F479 /* Sources */,
				1CDB19E125F6155600F7F479 /* Frameworks */,
				1CDB19E225F6155600F7F479 /* CopyFiles */,
			);
			buildRules = (
			);
			dependencies = (
			);
			name = ObjectPOOLExhausted;
			productName = ObjectPOOLExhausted;
			productReference = 1CDB19E425F6155600F7F479 /* ObjectPOOLExhausted */;
			productType = "com.apple.product-type.tool";
		};
		1CDB19F725F6386D00F7F479 /* ObjectPOOLElastic */ = {
			isa = PBXNativeTarget;
			buildConfigurationList = 1CDB19FC25F6386D00F7F479 /* Build configuration list for PBXNativeTarget "ObjectPOOLElastic" */;
			buildPhases = (
				1CDB19F425F6386D00F7F479 /* Sources */,
				1CDB19F525F6386D00F7F479 /* Frameworks */,
				1CDB19F625F6386D00F7F479 /* CopyFiles */,
			);
			buildRules = (
			);
			dependencies = (
			);
			name = ObjectPOOLElastic;
			productName = ObjectPOOLElastic;
			productReference = 1CDB19F825F6386D00F7F479 /* ObjectPOOLElastic */;
			productType = "com.apple.product-type.tool";
		};
		1CDB1A0C25F6513600F7F479 /* ObjectPOOLAllocation */ = {
			isa = PBXNativeTarget;
			buildConfigurationList = 1CDB1A1125F6513600F7F479 /* Build configuration list for PBXNativeTarget "ObjectPOOLAllocation" */;
			buildPhases = (
				1CDB1A0925F6513600F7F479 /* Sources */,
				1CDB1A0A25F6513600F7F479 /* Frameworks */,
				1CDB1A0B25F6513600F7F479 /* CopyFiles */,
			);
			buildRules = (
			);
			dependencies = (
			);
			name = ObjectPOOLAllocation;
			productName = ObjectPOOLAllocation;
			productReference = 1CDB1A0D25F6513600F7F479 /* ObjectPOOLAllocation */;
			productType = "com.apple.product-type.tool";
		};
		1CDB1A2225F6514100F7F479 /* ObjectPOOLAllocationLess */ = {
			isa = PBXNativeTarget;
			buildConfigurationList = 1CDB1A2725F6514100F7F479 /* Build configuration list for PBXNativeTarget "ObjectPOOLAllocationLess" */;
			buildPhases = (
				1CDB1A1F25F6514100F7F479 /* Sources */,
				1CDB1A2025F6514100F7F479 /* Frameworks */,
				1CDB1A2125F6514100F7F479 /* CopyFiles */,
			);
			buildRules = (
			);
			dependencies = (
			);
			name = ObjectPOOLAllocationLess;
			productName = ObjectPOOLAllocationLess;
			productReference = 1CDB1A2325F6514100F7F479 /* ObjectPOOLAllocationLess */;
			productType = "com.apple.product-type.tool";
		};
		1CF6745B25F1183C006CDA4F /* ObjectPool */ = {
			isa = PBXNativeTarget;
			buildConfigurationList = 1CF6746225F1183C006CDA4F /* Build configuration list for PBXNativeTarget "ObjectPool" */;
			buildPhases = (
				1CF6745825F1183C006CDA4F /* Sources */,
				1CF6745925F1183C006CDA4F /* Frameworks */,
				1CF6745A25F1183C006CDA4F /* CopyFiles */,
			);
			buildRules = (
			);
			dependencies = (
			);
			name = ObjectPool;
			productName = ObjectPool;
			productReference = 1CF6745C25F1183C006CDA4F /* ObjectPool */;
			productType = "com.apple.product-type.tool";
		};
		9D5AC72125E1F1B000D5D734 /* SwiftDesignPatternsCommandLine */ = {
			isa = PBXNativeTarget;
			buildConfigurationList = 9D5AC72925E1F1B000D5D734 /* Build configuration list for PBXNativeTarget "SwiftDesignPatternsCommandLine" */;
			buildPhases = (
				9D5AC71E25E1F1B000D5D734 /* Sources */,
				9D5AC71F25E1F1B000D5D734 /* Frameworks */,
				9D5AC72025E1F1B000D5D734 /* CopyFiles */,
			);
			buildRules = (
			);
			dependencies = (
			);
			name = SwiftDesignPatternsCommandLine;
			productName = SwiftDesignPatternsCommandLine;
			productReference = 9D5AC72225E1F1B000D5D734 /* SwiftDesignPatternsCommandLine */;
			productType = "com.apple.product-type.tool";
		};
		9D5AC73025E1F1D300D5D734 /* ObjectTemplate */ = {
			isa = PBXNativeTarget;
			buildConfigurationList = 9D5AC73525E1F1D300D5D734 /* Build configuration list for PBXNativeTarget "ObjectTemplate" */;
			buildPhases = (
				9D5AC72D25E1F1D300D5D734 /* Sources */,
				9D5AC72E25E1F1D300D5D734 /* Frameworks */,
				9D5AC72F25E1F1D300D5D734 /* CopyFiles */,
			);
			buildRules = (
			);
			dependencies = (
			);
			name = ObjectTemplate;
			productName = ObjectTemplate;
			productReference = 9D5AC73125E1F1D300D5D734 /* ObjectTemplate */;
			productType = "com.apple.product-type.tool";
		};
		9DF7E8FC25E525D500D30EBF /* Singleton */ = {
			isa = PBXNativeTarget;
			buildConfigurationList = 9DF7E90325E525D500D30EBF /* Build configuration list for PBXNativeTarget "Singleton" */;
			buildPhases = (
				9DF7E8F925E525D500D30EBF /* Sources */,
				9DF7E8FA25E525D500D30EBF /* Frameworks */,
				9DF7E8FB25E525D500D30EBF /* CopyFiles */,
			);
			buildRules = (
			);
			dependencies = (
			);
			name = Singleton;
			productName = Singleton;
			productReference = 9DF7E8FD25E525D500D30EBF /* Singleton */;
			productType = "com.apple.product-type.tool";
		};
		9DFE08A425E25CE5001FCBEE /* Prototype */ = {
			isa = PBXNativeTarget;
			buildConfigurationList = 9DFE08AB25E25CE5001FCBEE /* Build configuration list for PBXNativeTarget "Prototype" */;
			buildPhases = (
				9DFE08A125E25CE5001FCBEE /* Sources */,
				9DFE08A225E25CE5001FCBEE /* Frameworks */,
				9DFE08A325E25CE5001FCBEE /* CopyFiles */,
			);
			buildRules = (
			);
			dependencies = (
			);
			name = Prototype;
			productName = Prototype;
			productReference = 9DFE08A525E25CE5001FCBEE /* Prototype */;
			productType = "com.apple.product-type.tool";
		};
/* End PBXNativeTarget section */

/* Begin PBXProject section */
		9D5AC71A25E1F1B000D5D734 /* Project object */ = {
			isa = PBXProject;
			attributes = {
				LastSwiftUpdateCheck = 1240;
				LastUpgradeCheck = 1250;
				TargetAttributes = {
					1C86221125F89B1300B6F1EF = {
						CreatedOnToolsVersion = 12.4;
					};
					1C86223625F89BBE00B6F1EF = {
						CreatedOnToolsVersion = 12.4;
					};
					1C91154325F25DBB005BCA52 = {
						CreatedOnToolsVersion = 12.4;
					};
					1C91155425F27102005BCA52 = {
						CreatedOnToolsVersion = 12.4;
					};
					1CDB19D025F60CA300F7F479 = {
						CreatedOnToolsVersion = 12.4;
					};
					1CDB19E325F6155600F7F479 = {
						CreatedOnToolsVersion = 12.4;
					};
					1CDB19F725F6386D00F7F479 = {
						CreatedOnToolsVersion = 12.4;
					};
					1CDB1A0C25F6513600F7F479 = {
						CreatedOnToolsVersion = 12.4;
					};
					1CDB1A2225F6514100F7F479 = {
						CreatedOnToolsVersion = 12.4;
					};
					1CF6745B25F1183C006CDA4F = {
						CreatedOnToolsVersion = 12.4;
					};
					9D5AC72125E1F1B000D5D734 = {
						CreatedOnToolsVersion = 12.4;
					};
					9D5AC73025E1F1D300D5D734 = {
						CreatedOnToolsVersion = 12.4;
					};
					9DF7E8FC25E525D500D30EBF = {
						CreatedOnToolsVersion = 12.4;
					};
					9DFE08A425E25CE5001FCBEE = {
						CreatedOnToolsVersion = 12.5;
					};
				};
			};
			buildConfigurationList = 9D5AC71D25E1F1B000D5D734 /* Build configuration list for PBXProject "SwiftDesignPatternsCommandLine" */;
			compatibilityVersion = "Xcode 9.3";
			developmentRegion = en;
			hasScannedForEncodings = 0;
			knownRegions = (
				en,
				Base,
			);
			mainGroup = 9D5AC71925E1F1B000D5D734;
			productRefGroup = 9D5AC72325E1F1B000D5D734 /* Products */;
			projectDirPath = "";
			projectRoot = "";
			targets = (
				9D5AC72125E1F1B000D5D734 /* SwiftDesignPatternsCommandLine */,
				9D5AC73025E1F1D300D5D734 /* ObjectTemplate */,
				9DFE08A425E25CE5001FCBEE /* Prototype */,
				9DF7E8FC25E525D500D30EBF /* Singleton */,
				1CF6745B25F1183C006CDA4F /* ObjectPool */,
				1C91154325F25DBB005BCA52 /* ObjectPOOLLazy */,
				1C91155425F27102005BCA52 /* ObjectPOOLReusable */,
				1CDB19D025F60CA300F7F479 /* ObjectPOOLEmpty */,
				1CDB19E325F6155600F7F479 /* ObjectPOOLExhausted */,
				1CDB19F725F6386D00F7F479 /* ObjectPOOLElastic */,
				1CDB1A0C25F6513600F7F479 /* ObjectPOOLAllocation */,
				1CDB1A2225F6514100F7F479 /* ObjectPOOLAllocationLess */,
				1C86221125F89B1300B6F1EF /* FactoryMethod */,
				1C86223625F89BBE00B6F1EF /* FactoryGlobalMethod */,
			);
		};
/* End PBXProject section */

/* Begin PBXSourcesBuildPhase section */
		1C86220E25F89B1300B6F1EF /* Sources */ = {
			isa = PBXSourcesBuildPhase;
			buildActionMask = 2147483647;
			files = (
			);
			runOnlyForDeploymentPostprocessing = 0;
		};
		1C86223325F89BBE00B6F1EF /* Sources */ = {
			isa = PBXSourcesBuildPhase;
			buildActionMask = 2147483647;
			files = (
				1C86223A25F89BBE00B6F1EF /* main.swift in Sources */,
			);
			runOnlyForDeploymentPostprocessing = 0;
		};
		1C91154025F25DBB005BCA52 /* Sources */ = {
			isa = PBXSourcesBuildPhase;
			buildActionMask = 2147483647;
			files = (
				1C91154725F25DBB005BCA52 /* main.swift in Sources */,
			);
			runOnlyForDeploymentPostprocessing = 0;
		};
		1C91155125F27102005BCA52 /* Sources */ = {
			isa = PBXSourcesBuildPhase;
			buildActionMask = 2147483647;
			files = (
				1C91155825F27102005BCA52 /* main.swift in Sources */,
			);
			runOnlyForDeploymentPostprocessing = 0;
		};
		1CDB19CD25F60CA300F7F479 /* Sources */ = {
			isa = PBXSourcesBuildPhase;
			buildActionMask = 2147483647;
			files = (
				1CDB19D425F60CA300F7F479 /* main.swift in Sources */,
			);
			runOnlyForDeploymentPostprocessing = 0;
		};
		1CDB19E025F6155600F7F479 /* Sources */ = {
			isa = PBXSourcesBuildPhase;
			buildActionMask = 2147483647;
			files = (
				1CDB19E725F6155600F7F479 /* main.swift in Sources */,
			);
			runOnlyForDeploymentPostprocessing = 0;
		};
		1CDB19F425F6386D00F7F479 /* Sources */ = {
			isa = PBXSourcesBuildPhase;
			buildActionMask = 2147483647;
			files = (
				1CDB19FB25F6386D00F7F479 /* main.swift in Sources */,
			);
			runOnlyForDeploymentPostprocessing = 0;
		};
		1CDB1A0925F6513600F7F479 /* Sources */ = {
			isa = PBXSourcesBuildPhase;
			buildActionMask = 2147483647;
			files = (
				1CDB1A1025F6513600F7F479 /* main.swift in Sources */,
			);
			runOnlyForDeploymentPostprocessing = 0;
		};
		1CDB1A1F25F6514100F7F479 /* Sources */ = {
			isa = PBXSourcesBuildPhase;
			buildActionMask = 2147483647;
			files = (
				1CDB1A2625F6514100F7F479 /* main.swift in Sources */,
			);
			runOnlyForDeploymentPostprocessing = 0;
		};
		1CF6745825F1183C006CDA4F /* Sources */ = {
			isa = PBXSourcesBuildPhase;
			buildActionMask = 2147483647;
			files = (
				1CF6745F25F1183C006CDA4F /* main.swift in Sources */,
			);
			runOnlyForDeploymentPostprocessing = 0;
		};
		9D5AC71E25E1F1B000D5D734 /* Sources */ = {
			isa = PBXSourcesBuildPhase;
			buildActionMask = 2147483647;
			files = (
				9D5AC72625E1F1B000D5D734 /* main.swift in Sources */,
			);
			runOnlyForDeploymentPostprocessing = 0;
		};
		9D5AC72D25E1F1D300D5D734 /* Sources */ = {
			isa = PBXSourcesBuildPhase;
			buildActionMask = 2147483647;
			files = (
				9D5AC73425E1F1D300D5D734 /* main.swift in Sources */,
			);
			runOnlyForDeploymentPostprocessing = 0;
		};
		9DF7E8F925E525D500D30EBF /* Sources */ = {
			isa = PBXSourcesBuildPhase;
			buildActionMask = 2147483647;
			files = (
				9DF7E90925E5262D00D30EBF /* BackupServer.swift in Sources */,
				9DF7E90F25E52C4800D30EBF /* Logger.swift in Sources */,
				9DF7E90025E525D500D30EBF /* main.swift in Sources */,
			);
			runOnlyForDeploymentPostprocessing = 0;
		};
		9DFE08A125E25CE5001FCBEE /* Sources */ = {
			isa = PBXSourcesBuildPhase;
			buildActionMask = 2147483647;
			files = (
				9DFE08A825E25CE5001FCBEE /* main.swift in Sources */,
			);
			runOnlyForDeploymentPostprocessing = 0;
		};
/* End PBXSourcesBuildPhase section */

/* Begin XCBuildConfiguration section */
		1C86221625F89B1300B6F1EF /* Debug */ = {
			isa = XCBuildConfiguration;
			buildSettings = {
				CODE_SIGN_STYLE = Automatic;
				DEVELOPMENT_TEAM = PGN5857P43;
				ENABLE_HARDENED_RUNTIME = YES;
				PRODUCT_NAME = "$(TARGET_NAME)";
			};
			name = Debug;
		};
		1C86221725F89B1300B6F1EF /* Release */ = {
			isa = XCBuildConfiguration;
			buildSettings = {
				CODE_SIGN_STYLE = Automatic;
				DEVELOPMENT_TEAM = PGN5857P43;
				ENABLE_HARDENED_RUNTIME = YES;
				PRODUCT_NAME = "$(TARGET_NAME)";
			};
			name = Release;
		};
		1C86223B25F89BBE00B6F1EF /* Debug */ = {
			isa = XCBuildConfiguration;
			buildSettings = {
				CODE_SIGN_STYLE = Automatic;
				DEVELOPMENT_TEAM = PGN5857P43;
				ENABLE_HARDENED_RUNTIME = YES;
				PRODUCT_NAME = "$(TARGET_NAME)";
				SWIFT_VERSION = 5.0;
			};
			name = Debug;
		};
		1C86223C25F89BBE00B6F1EF /* Release */ = {
			isa = XCBuildConfiguration;
			buildSettings = {
				CODE_SIGN_STYLE = Automatic;
				DEVELOPMENT_TEAM = PGN5857P43;
				ENABLE_HARDENED_RUNTIME = YES;
				PRODUCT_NAME = "$(TARGET_NAME)";
				SWIFT_VERSION = 5.0;
			};
			name = Release;
		};
		1C91154825F25DBB005BCA52 /* Debug */ = {
			isa = XCBuildConfiguration;
			buildSettings = {
				CODE_SIGN_STYLE = Automatic;
				DEVELOPMENT_TEAM = PGN5857P43;
				ENABLE_HARDENED_RUNTIME = YES;
				PRODUCT_NAME = "$(TARGET_NAME)";
				SWIFT_VERSION = 5.0;
			};
			name = Debug;
		};
		1C91154925F25DBB005BCA52 /* Release */ = {
			isa = XCBuildConfiguration;
			buildSettings = {
				CODE_SIGN_STYLE = Automatic;
				DEVELOPMENT_TEAM = PGN5857P43;
				ENABLE_HARDENED_RUNTIME = YES;
				PRODUCT_NAME = "$(TARGET_NAME)";
				SWIFT_VERSION = 5.0;
			};
			name = Release;
		};
		1C91155A25F27102005BCA52 /* Debug */ = {
			isa = XCBuildConfiguration;
			buildSettings = {
				CODE_SIGN_STYLE = Automatic;
				DEVELOPMENT_TEAM = PGN5857P43;
				ENABLE_HARDENED_RUNTIME = YES;
				PRODUCT_NAME = "$(TARGET_NAME)";
				SWIFT_VERSION = 5.0;
			};
			name = Debug;
		};
		1C91155B25F27102005BCA52 /* Release */ = {
			isa = XCBuildConfiguration;
			buildSettings = {
				CODE_SIGN_STYLE = Automatic;
				DEVELOPMENT_TEAM = PGN5857P43;
				ENABLE_HARDENED_RUNTIME = YES;
				PRODUCT_NAME = "$(TARGET_NAME)";
				SWIFT_VERSION = 5.0;
			};
			name = Release;
		};
		1CDB19D525F60CA300F7F479 /* Debug */ = {
			isa = XCBuildConfiguration;
			buildSettings = {
				CODE_SIGN_STYLE = Automatic;
				DEVELOPMENT_TEAM = PGN5857P43;
				ENABLE_HARDENED_RUNTIME = YES;
				PRODUCT_NAME = "$(TARGET_NAME)";
				SWIFT_VERSION = 5.0;
			};
			name = Debug;
		};
		1CDB19D625F60CA300F7F479 /* Release */ = {
			isa = XCBuildConfiguration;
			buildSettings = {
				CODE_SIGN_STYLE = Automatic;
				DEVELOPMENT_TEAM = PGN5857P43;
				ENABLE_HARDENED_RUNTIME = YES;
				PRODUCT_NAME = "$(TARGET_NAME)";
				SWIFT_VERSION = 5.0;
			};
			name = Release;
		};
		1CDB19E925F6155600F7F479 /* Debug */ = {
			isa = XCBuildConfiguration;
			buildSettings = {
				CODE_SIGN_STYLE = Automatic;
				DEVELOPMENT_TEAM = PGN5857P43;
				ENABLE_HARDENED_RUNTIME = YES;
				PRODUCT_NAME = "$(TARGET_NAME)";
				SWIFT_VERSION = 5.0;
			};
			name = Debug;
		};
		1CDB19EA25F6155600F7F479 /* Release */ = {
			isa = XCBuildConfiguration;
			buildSettings = {
				CODE_SIGN_STYLE = Automatic;
				DEVELOPMENT_TEAM = PGN5857P43;
				ENABLE_HARDENED_RUNTIME = YES;
				PRODUCT_NAME = "$(TARGET_NAME)";
				SWIFT_VERSION = 5.0;
			};
			name = Release;
		};
		1CDB19FD25F6386D00F7F479 /* Debug */ = {
			isa = XCBuildConfiguration;
			buildSettings = {
				CODE_SIGN_STYLE = Automatic;
				DEVELOPMENT_TEAM = PGN5857P43;
				ENABLE_HARDENED_RUNTIME = YES;
				PRODUCT_NAME = "$(TARGET_NAME)";
				SWIFT_VERSION = 5.0;
			};
			name = Debug;
		};
		1CDB19FE25F6386D00F7F479 /* Release */ = {
			isa = XCBuildConfiguration;
			buildSettings = {
				CODE_SIGN_STYLE = Automatic;
				DEVELOPMENT_TEAM = PGN5857P43;
				ENABLE_HARDENED_RUNTIME = YES;
				PRODUCT_NAME = "$(TARGET_NAME)";
				SWIFT_VERSION = 5.0;
			};
			name = Release;
		};
		1CDB1A1225F6513600F7F479 /* Debug */ = {
			isa = XCBuildConfiguration;
			buildSettings = {
				CODE_SIGN_STYLE = Automatic;
				DEVELOPMENT_TEAM = PGN5857P43;
				ENABLE_HARDENED_RUNTIME = YES;
				PRODUCT_NAME = "$(TARGET_NAME)";
				SWIFT_VERSION = 5.0;
			};
			name = Debug;
		};
		1CDB1A1325F6513600F7F479 /* Release */ = {
			isa = XCBuildConfiguration;
			buildSettings = {
				CODE_SIGN_STYLE = Automatic;
				DEVELOPMENT_TEAM = PGN5857P43;
				ENABLE_HARDENED_RUNTIME = YES;
				PRODUCT_NAME = "$(TARGET_NAME)";
				SWIFT_VERSION = 5.0;
			};
			name = Release;
		};
		1CDB1A2825F6514100F7F479 /* Debug */ = {
			isa = XCBuildConfiguration;
			buildSettings = {
				CODE_SIGN_STYLE = Automatic;
				DEVELOPMENT_TEAM = PGN5857P43;
				ENABLE_HARDENED_RUNTIME = YES;
				PRODUCT_NAME = "$(TARGET_NAME)";
				SWIFT_VERSION = 5.0;
			};
			name = Debug;
		};
		1CDB1A2925F6514100F7F479 /* Release */ = {
			isa = XCBuildConfiguration;
			buildSettings = {
				CODE_SIGN_STYLE = Automatic;
				DEVELOPMENT_TEAM = PGN5857P43;
				ENABLE_HARDENED_RUNTIME = YES;
				PRODUCT_NAME = "$(TARGET_NAME)";
				SWIFT_VERSION = 5.0;
			};
			name = Release;
		};
		1CF6746025F1183C006CDA4F /* Debug */ = {
			isa = XCBuildConfiguration;
			buildSettings = {
				CODE_SIGN_STYLE = Automatic;
				DEVELOPMENT_TEAM = PGN5857P43;
				ENABLE_HARDENED_RUNTIME = YES;
				PRODUCT_NAME = "$(TARGET_NAME)";
				SWIFT_VERSION = 5.0;
			};
			name = Debug;
		};
		1CF6746125F1183C006CDA4F /* Release */ = {
			isa = XCBuildConfiguration;
			buildSettings = {
				CODE_SIGN_STYLE = Automatic;
				DEVELOPMENT_TEAM = PGN5857P43;
				ENABLE_HARDENED_RUNTIME = YES;
				PRODUCT_NAME = "$(TARGET_NAME)";
				SWIFT_VERSION = 5.0;
			};
			name = Release;
		};
		9D5AC72725E1F1B000D5D734 /* Debug */ = {
			isa = XCBuildConfiguration;
			buildSettings = {
				ALWAYS_SEARCH_USER_PATHS = NO;
				CLANG_ANALYZER_NONNULL = YES;
				CLANG_ANALYZER_NUMBER_OBJECT_CONVERSION = YES_AGGRESSIVE;
				CLANG_CXX_LANGUAGE_STANDARD = "gnu++14";
				CLANG_CXX_LIBRARY = "libc++";
				CLANG_ENABLE_MODULES = YES;
				CLANG_ENABLE_OBJC_ARC = YES;
				CLANG_ENABLE_OBJC_WEAK = YES;
				CLANG_WARN_BLOCK_CAPTURE_AUTORELEASING = YES;
				CLANG_WARN_BOOL_CONVERSION = YES;
				CLANG_WARN_COMMA = YES;
				CLANG_WARN_CONSTANT_CONVERSION = YES;
				CLANG_WARN_DEPRECATED_OBJC_IMPLEMENTATIONS = YES;
				CLANG_WARN_DIRECT_OBJC_ISA_USAGE = YES_ERROR;
				CLANG_WARN_DOCUMENTATION_COMMENTS = YES;
				CLANG_WARN_EMPTY_BODY = YES;
				CLANG_WARN_ENUM_CONVERSION = YES;
				CLANG_WARN_INFINITE_RECURSION = YES;
				CLANG_WARN_INT_CONVERSION = YES;
				CLANG_WARN_NON_LITERAL_NULL_CONVERSION = YES;
				CLANG_WARN_OBJC_IMPLICIT_RETAIN_SELF = YES;
				CLANG_WARN_OBJC_LITERAL_CONVERSION = YES;
				CLANG_WARN_OBJC_ROOT_CLASS = YES_ERROR;
				CLANG_WARN_QUOTED_INCLUDE_IN_FRAMEWORK_HEADER = YES;
				CLANG_WARN_RANGE_LOOP_ANALYSIS = YES;
				CLANG_WARN_STRICT_PROTOTYPES = YES;
				CLANG_WARN_SUSPICIOUS_MOVE = YES;
				CLANG_WARN_UNGUARDED_AVAILABILITY = YES_AGGRESSIVE;
				CLANG_WARN_UNREACHABLE_CODE = YES;
				CLANG_WARN__DUPLICATE_METHOD_MATCH = YES;
				COPY_PHASE_STRIP = NO;
				DEBUG_INFORMATION_FORMAT = dwarf;
				ENABLE_STRICT_OBJC_MSGSEND = YES;
				ENABLE_TESTABILITY = YES;
				GCC_C_LANGUAGE_STANDARD = gnu11;
				GCC_DYNAMIC_NO_PIC = NO;
				GCC_NO_COMMON_BLOCKS = YES;
				GCC_OPTIMIZATION_LEVEL = 0;
				GCC_PREPROCESSOR_DEFINITIONS = (
					"DEBUG=1",
					"$(inherited)",
				);
				GCC_WARN_64_TO_32_BIT_CONVERSION = YES;
				GCC_WARN_ABOUT_RETURN_TYPE = YES_ERROR;
				GCC_WARN_UNDECLARED_SELECTOR = YES;
				GCC_WARN_UNINITIALIZED_AUTOS = YES_AGGRESSIVE;
				GCC_WARN_UNUSED_FUNCTION = YES;
				GCC_WARN_UNUSED_VARIABLE = YES;
				MACOSX_DEPLOYMENT_TARGET = 11.1;
				MTL_ENABLE_DEBUG_INFO = INCLUDE_SOURCE;
				MTL_FAST_MATH = YES;
				ONLY_ACTIVE_ARCH = YES;
				SDKROOT = macosx;
				SWIFT_ACTIVE_COMPILATION_CONDITIONS = DEBUG;
				SWIFT_OPTIMIZATION_LEVEL = "-Onone";
			};
			name = Debug;
		};
		9D5AC72825E1F1B000D5D734 /* Release */ = {
			isa = XCBuildConfiguration;
			buildSettings = {
				ALWAYS_SEARCH_USER_PATHS = NO;
				CLANG_ANALYZER_NONNULL = YES;
				CLANG_ANALYZER_NUMBER_OBJECT_CONVERSION = YES_AGGRESSIVE;
				CLANG_CXX_LANGUAGE_STANDARD = "gnu++14";
				CLANG_CXX_LIBRARY = "libc++";
				CLANG_ENABLE_MODULES = YES;
				CLANG_ENABLE_OBJC_ARC = YES;
				CLANG_ENABLE_OBJC_WEAK = YES;
				CLANG_WARN_BLOCK_CAPTURE_AUTORELEASING = YES;
				CLANG_WARN_BOOL_CONVERSION = YES;
				CLANG_WARN_COMMA = YES;
				CLANG_WARN_CONSTANT_CONVERSION = YES;
				CLANG_WARN_DEPRECATED_OBJC_IMPLEMENTATIONS = YES;
				CLANG_WARN_DIRECT_OBJC_ISA_USAGE = YES_ERROR;
				CLANG_WARN_DOCUMENTATION_COMMENTS = YES;
				CLANG_WARN_EMPTY_BODY = YES;
				CLANG_WARN_ENUM_CONVERSION = YES;
				CLANG_WARN_INFINITE_RECURSION = YES;
				CLANG_WARN_INT_CONVERSION = YES;
				CLANG_WARN_NON_LITERAL_NULL_CONVERSION = YES;
				CLANG_WARN_OBJC_IMPLICIT_RETAIN_SELF = YES;
				CLANG_WARN_OBJC_LITERAL_CONVERSION = YES;
				CLANG_WARN_OBJC_ROOT_CLASS = YES_ERROR;
				CLANG_WARN_QUOTED_INCLUDE_IN_FRAMEWORK_HEADER = YES;
				CLANG_WARN_RANGE_LOOP_ANALYSIS = YES;
				CLANG_WARN_STRICT_PROTOTYPES = YES;
				CLANG_WARN_SUSPICIOUS_MOVE = YES;
				CLANG_WARN_UNGUARDED_AVAILABILITY = YES_AGGRESSIVE;
				CLANG_WARN_UNREACHABLE_CODE = YES;
				CLANG_WARN__DUPLICATE_METHOD_MATCH = YES;
				COPY_PHASE_STRIP = NO;
				DEBUG_INFORMATION_FORMAT = "dwarf-with-dsym";
				ENABLE_NS_ASSERTIONS = NO;
				ENABLE_STRICT_OBJC_MSGSEND = YES;
				GCC_C_LANGUAGE_STANDARD = gnu11;
				GCC_NO_COMMON_BLOCKS = YES;
				GCC_WARN_64_TO_32_BIT_CONVERSION = YES;
				GCC_WARN_ABOUT_RETURN_TYPE = YES_ERROR;
				GCC_WARN_UNDECLARED_SELECTOR = YES;
				GCC_WARN_UNINITIALIZED_AUTOS = YES_AGGRESSIVE;
				GCC_WARN_UNUSED_FUNCTION = YES;
				GCC_WARN_UNUSED_VARIABLE = YES;
				MACOSX_DEPLOYMENT_TARGET = 11.1;
				MTL_ENABLE_DEBUG_INFO = NO;
				MTL_FAST_MATH = YES;
				SDKROOT = macosx;
				SWIFT_COMPILATION_MODE = wholemodule;
				SWIFT_OPTIMIZATION_LEVEL = "-O";
			};
			name = Release;
		};
		9D5AC72A25E1F1B000D5D734 /* Debug */ = {
			isa = XCBuildConfiguration;
			buildSettings = {
				CODE_SIGN_IDENTITY = "-";
				CODE_SIGN_STYLE = Automatic;
				DEVELOPMENT_TEAM = PGN5857P43;
				ENABLE_HARDENED_RUNTIME = YES;
				PRODUCT_NAME = "$(TARGET_NAME)";
				SWIFT_VERSION = 5.0;
			};
			name = Debug;
		};
		9D5AC72B25E1F1B000D5D734 /* Release */ = {
			isa = XCBuildConfiguration;
			buildSettings = {
				CODE_SIGN_IDENTITY = "-";
				CODE_SIGN_STYLE = Automatic;
				DEVELOPMENT_TEAM = PGN5857P43;
				ENABLE_HARDENED_RUNTIME = YES;
				PRODUCT_NAME = "$(TARGET_NAME)";
				SWIFT_VERSION = 5.0;
			};
			name = Release;
		};
		9D5AC73625E1F1D300D5D734 /* Debug */ = {
			isa = XCBuildConfiguration;
			buildSettings = {
				CODE_SIGN_IDENTITY = "-";
				CODE_SIGN_STYLE = Automatic;
				DEVELOPMENT_TEAM = PGN5857P43;
				ENABLE_HARDENED_RUNTIME = YES;
				PRODUCT_NAME = "$(TARGET_NAME)";
				SWIFT_VERSION = 5.0;
			};
			name = Debug;
		};
		9D5AC73725E1F1D300D5D734 /* Release */ = {
			isa = XCBuildConfiguration;
			buildSettings = {
				CODE_SIGN_IDENTITY = "-";
				CODE_SIGN_STYLE = Automatic;
				DEVELOPMENT_TEAM = PGN5857P43;
				ENABLE_HARDENED_RUNTIME = YES;
				PRODUCT_NAME = "$(TARGET_NAME)";
				SWIFT_VERSION = 5.0;
			};
			name = Release;
		};
		9DF7E90125E525D500D30EBF /* Debug */ = {
			isa = XCBuildConfiguration;
			buildSettings = {
				CODE_SIGN_STYLE = Automatic;
				DEVELOPMENT_TEAM = PGN5857P43;
				ENABLE_HARDENED_RUNTIME = YES;
				PRODUCT_NAME = "$(TARGET_NAME)";
				SWIFT_VERSION = 5.0;
			};
			name = Debug;
		};
		9DF7E90225E525D500D30EBF /* Release */ = {
			isa = XCBuildConfiguration;
			buildSettings = {
				CODE_SIGN_STYLE = Automatic;
				DEVELOPMENT_TEAM = PGN5857P43;
				ENABLE_HARDENED_RUNTIME = YES;
				PRODUCT_NAME = "$(TARGET_NAME)";
				SWIFT_VERSION = 5.0;
			};
			name = Release;
		};
		9DFE08A925E25CE5001FCBEE /* Debug */ = {
			isa = XCBuildConfiguration;
			buildSettings = {
				CODE_SIGN_IDENTITY = "-";
				CODE_SIGN_STYLE = Automatic;
				DEVELOPMENT_TEAM = PGN5857P43;
				ENABLE_HARDENED_RUNTIME = YES;
				MACOSX_DEPLOYMENT_TARGET = 11.3;
				PRODUCT_NAME = "$(TARGET_NAME)";
				SWIFT_VERSION = 5.0;
			};
			name = Debug;
		};
		9DFE08AA25E25CE5001FCBEE /* Release */ = {
			isa = XCBuildConfiguration;
			buildSettings = {
				CODE_SIGN_IDENTITY = "-";
				CODE_SIGN_STYLE = Automatic;
				DEVELOPMENT_TEAM = PGN5857P43;
				ENABLE_HARDENED_RUNTIME = YES;
				MACOSX_DEPLOYMENT_TARGET = 11.3;
				PRODUCT_NAME = "$(TARGET_NAME)";
				SWIFT_VERSION = 5.0;
			};
			name = Release;
		};
/* End XCBuildConfiguration section */

/* Begin XCConfigurationList section */
		1C86221825F89B1300B6F1EF /* Build configuration list for PBXNativeTarget "FactoryMethod" */ = {
			isa = XCConfigurationList;
			buildConfigurations = (
				1C86221625F89B1300B6F1EF /* Debug */,
				1C86221725F89B1300B6F1EF /* Release */,
			);
			defaultConfigurationIsVisible = 0;
			defaultConfigurationName = Release;
		};
		1C86223D25F89BBE00B6F1EF /* Build configuration list for PBXNativeTarget "FactoryGlobalMethod" */ = {
			isa = XCConfigurationList;
			buildConfigurations = (
				1C86223B25F89BBE00B6F1EF /* Debug */,
				1C86223C25F89BBE00B6F1EF /* Release */,
			);
			defaultConfigurationIsVisible = 0;
			defaultConfigurationName = Release;
		};
		1C91154A25F25DBB005BCA52 /* Build configuration list for PBXNativeTarget "ObjectPOOLLazy" */ = {
			isa = XCConfigurationList;
			buildConfigurations = (
				1C91154825F25DBB005BCA52 /* Debug */,
				1C91154925F25DBB005BCA52 /* Release */,
			);
			defaultConfigurationIsVisible = 0;
			defaultConfigurationName = Release;
		};
		1C91155925F27102005BCA52 /* Build configuration list for PBXNativeTarget "ObjectPOOLReusable" */ = {
			isa = XCConfigurationList;
			buildConfigurations = (
				1C91155A25F27102005BCA52 /* Debug */,
				1C91155B25F27102005BCA52 /* Release */,
			);
			defaultConfigurationIsVisible = 0;
			defaultConfigurationName = Release;
		};
		1CDB19D725F60CA300F7F479 /* Build configuration list for PBXNativeTarget "ObjectPOOLEmpty" */ = {
			isa = XCConfigurationList;
			buildConfigurations = (
				1CDB19D525F60CA300F7F479 /* Debug */,
				1CDB19D625F60CA300F7F479 /* Release */,
			);
			defaultConfigurationIsVisible = 0;
			defaultConfigurationName = Release;
		};
		1CDB19E825F6155600F7F479 /* Build configuration list for PBXNativeTarget "ObjectPOOLExhausted" */ = {
			isa = XCConfigurationList;
			buildConfigurations = (
				1CDB19E925F6155600F7F479 /* Debug */,
				1CDB19EA25F6155600F7F479 /* Release */,
			);
			defaultConfigurationIsVisible = 0;
			defaultConfigurationName = Release;
		};
		1CDB19FC25F6386D00F7F479 /* Build configuration list for PBXNativeTarget "ObjectPOOLElastic" */ = {
			isa = XCConfigurationList;
			buildConfigurations = (
				1CDB19FD25F6386D00F7F479 /* Debug */,
				1CDB19FE25F6386D00F7F479 /* Release */,
			);
			defaultConfigurationIsVisible = 0;
			defaultConfigurationName = Release;
		};
		1CDB1A1125F6513600F7F479 /* Build configuration list for PBXNativeTarget "ObjectPOOLAllocation" */ = {
			isa = XCConfigurationList;
			buildConfigurations = (
				1CDB1A1225F6513600F7F479 /* Debug */,
				1CDB1A1325F6513600F7F479 /* Release */,
			);
			defaultConfigurationIsVisible = 0;
			defaultConfigurationName = Release;
		};
		1CDB1A2725F6514100F7F479 /* Build configuration list for PBXNativeTarget "ObjectPOOLAllocationLess" */ = {
			isa = XCConfigurationList;
			buildConfigurations = (
				1CDB1A2825F6514100F7F479 /* Debug */,
				1CDB1A2925F6514100F7F479 /* Release */,
			);
			defaultConfigurationIsVisible = 0;
			defaultConfigurationName = Release;
		};
		1CF6746225F1183C006CDA4F /* Build configuration list for PBXNativeTarget "ObjectPool" */ = {
			isa = XCConfigurationList;
			buildConfigurations = (
				1CF6746025F1183C006CDA4F /* Debug */,
				1CF6746125F1183C006CDA4F /* Release */,
			);
			defaultConfigurationIsVisible = 0;
			defaultConfigurationName = Release;
		};
		9D5AC71D25E1F1B000D5D734 /* Build configuration list for PBXProject "SwiftDesignPatternsCommandLine" */ = {
			isa = XCConfigurationList;
			buildConfigurations = (
				9D5AC72725E1F1B000D5D734 /* Debug */,
				9D5AC72825E1F1B000D5D734 /* Release */,
			);
			defaultConfigurationIsVisible = 0;
			defaultConfigurationName = Release;
		};
		9D5AC72925E1F1B000D5D734 /* Build configuration list for PBXNativeTarget "SwiftDesignPatternsCommandLine" */ = {
			isa = XCConfigurationList;
			buildConfigurations = (
				9D5AC72A25E1F1B000D5D734 /* Debug */,
				9D5AC72B25E1F1B000D5D734 /* Release */,
			);
			defaultConfigurationIsVisible = 0;
			defaultConfigurationName = Release;
		};
		9D5AC73525E1F1D300D5D734 /* Build configuration list for PBXNativeTarget "ObjectTemplate" */ = {
			isa = XCConfigurationList;
			buildConfigurations = (
				9D5AC73625E1F1D300D5D734 /* Debug */,
				9D5AC73725E1F1D300D5D734 /* Release */,
			);
			defaultConfigurationIsVisible = 0;
			defaultConfigurationName = Release;
		};
		9DF7E90325E525D500D30EBF /* Build configuration list for PBXNativeTarget "Singleton" */ = {
			isa = XCConfigurationList;
			buildConfigurations = (
				9DF7E90125E525D500D30EBF /* Debug */,
				9DF7E90225E525D500D30EBF /* Release */,
			);
			defaultConfigurationIsVisible = 0;
			defaultConfigurationName = Release;
		};
		9DFE08AB25E25CE5001FCBEE /* Build configuration list for PBXNativeTarget "Prototype" */ = {
			isa = XCConfigurationList;
			buildConfigurations = (
				9DFE08A925E25CE5001FCBEE /* Debug */,
				9DFE08AA25E25CE5001FCBEE /* Release */,
			);
			defaultConfigurationIsVisible = 0;
			defaultConfigurationName = Release;
		};
/* End XCConfigurationList section */
	};
	rootObject = 9D5AC71A25E1F1B000D5D734 /* Project object */;
}
